PODS:
  - AlleeSDK (1.7)
  - FloatingPanel (1.7.5)

DEPENDENCIES:
  - AlleeSDK
  - FloatingPanel

SPEC REPOS:
  trunk:
    - AlleeSDK
    - FloatingPanel

SPEC CHECKSUMS:
  AlleeSDK: 03c53a548d09e9a51b27e935ab654a0cd95bc687
  FloatingPanel: bb17fd6fc7ae519f877f7bd30f4f6115a78acf07

PODFILE CHECKSUM: 3e1e2341141d790a603bce0f100c8790a8de2b30

COCOAPODS: 1.9.1
