PODS:
  - AlleeSDK (1.5.2)
  - FloatingPanel (1.2.3)

DEPENDENCIES:
  - AlleeSDK
  - FloatingPanel

SPEC REPOS:
  https://github.com/cocoapods/specs.git:
    - AlleeSDK
    - FloatingPanel

SPEC CHECKSUMS:
  AlleeSDK: 9e6624794bf7c25d1c9c1e20f3b2eecc2c1d1a6d
  FloatingPanel: 3b3521b931b58ade0572837ec81c8c7dc638325d

PODFILE CHECKSUM: 3e1e2341141d790a603bce0f100c8790a8de2b30

COCOAPODS: 1.5.3
