PODS:
  - AlleeSDK (1.7)
  - FloatingPanel (1.7.2)

DEPENDENCIES:
  - AlleeSDK
  - FloatingPanel

SPEC REPOS:
  trunk:
    - AlleeSDK
    - FloatingPanel

SPEC CHECKSUMS:
  AlleeSDK: 03c53a548d09e9a51b27e935ab654a0cd95bc687
  FloatingPanel: b275a35d0a09be4bd37025e710a6a1d063bfc161

PODFILE CHECKSUM: 3e1e2341141d790a603bce0f100c8790a8de2b30

COCOAPODS: 1.8.4
